// !$*UTF8*$!
{
	archiveVersion = 1;
	classes = {
	};
	objectVersion = 46;
	objects = {

/* Begin PBXBuildFile section */
		0275DA1126B496B6739C35D7 /* Pods_AlgoritmA.framework in Frameworks */ = {isa = PBXBuildFile; fileRef = 31C10CB611A2678965EE9173 /* Pods_AlgoritmA.framework */; };
		EB6968F71DC4910A00E27877 /* TableStore.swift in Sources */ = {isa = PBXBuildFile; fileRef = EB6968F61DC4910A00E27877 /* TableStore.swift */; };
		EB6968F91DC491FC00E27877 /* TableItem.swift in Sources */ = {isa = PBXBuildFile; fileRef = EB6968F81DC491FC00E27877 /* TableItem.swift */; };
		EBC253021DC0C51D00214F14 /* AppDelegate.swift in Sources */ = {isa = PBXBuildFile; fileRef = EBC253011DC0C51D00214F14 /* AppDelegate.swift */; };
		EBC253041DC0C51D00214F14 /* ViewController.swift in Sources */ = {isa = PBXBuildFile; fileRef = EBC253031DC0C51D00214F14 /* ViewController.swift */; };
		EBC253091DC0C51D00214F14 /* Assets.xcassets in Resources */ = {isa = PBXBuildFile; fileRef = EBC253081DC0C51D00214F14 /* Assets.xcassets */; };
		EBC2530C1DC0C51D00214F14 /* LaunchScreen.storyboard in Resources */ = {isa = PBXBuildFile; fileRef = EBC2530A1DC0C51D00214F14 /* LaunchScreen.storyboard */; };
		EBC2531A1DC0C63000214F14 /* MainViewController.swift in Sources */ = {isa = PBXBuildFile; fileRef = EBC253181DC0C63000214F14 /* MainViewController.swift */; };
		EBC2531B1DC0C63000214F14 /* MainViewController.xib in Resources */ = {isa = PBXBuildFile; fileRef = EBC253191DC0C63000214F14 /* MainViewController.xib */; };
		EBC2531E1DC0C9EB00214F14 /* TableCollectionViewCell.swift in Sources */ = {isa = PBXBuildFile; fileRef = EBC2531C1DC0C9EB00214F14 /* TableCollectionViewCell.swift */; };
		EBC253211DC0CD7600214F14 /* CustomUICollectionViewFlowLayout.swift in Sources */ = {isa = PBXBuildFile; fileRef = EBC253201DC0CD7600214F14 /* CustomUICollectionViewFlowLayout.swift */; };
		EBC253271DC0DEC000214F14 /* TableCollectionViewCell.xib in Resources */ = {isa = PBXBuildFile; fileRef = EBC253261DC0DEC000214F14 /* TableCollectionViewCell.xib */; };
/* End PBXBuildFile section */

/* Begin PBXFileReference section */
		19D41B0D1EA195D376BB65DD /* Pods-AlgoritmA.debug.xcconfig */ = {isa = PBXFileReference; includeInIndex = 1; lastKnownFileType = text.xcconfig; name = "Pods-AlgoritmA.debug.xcconfig"; path = "Pods/Target Support Files/Pods-AlgoritmA/Pods-AlgoritmA.debug.xcconfig"; sourceTree = "<group>"; };
		31C10CB611A2678965EE9173 /* Pods_AlgoritmA.framework */ = {isa = PBXFileReference; explicitFileType = wrapper.framework; includeInIndex = 0; path = Pods_AlgoritmA.framework; sourceTree = BUILT_PRODUCTS_DIR; };
		BA506AC7F1427C2B2A577AD7 /* Pods-AlgoritmA.release.xcconfig */ = {isa = PBXFileReference; includeInIndex = 1; lastKnownFileType = text.xcconfig; name = "Pods-AlgoritmA.release.xcconfig"; path = "Pods/Target Support Files/Pods-AlgoritmA/Pods-AlgoritmA.release.xcconfig"; sourceTree = "<group>"; };
		EB6968F61DC4910A00E27877 /* TableStore.swift */ = {isa = PBXFileReference; fileEncoding = 4; lastKnownFileType = sourcecode.swift; name = TableStore.swift; path = Helpers/TableStore.swift; sourceTree = "<group>"; };
		EB6968F81DC491FC00E27877 /* TableItem.swift */ = {isa = PBXFileReference; fileEncoding = 4; lastKnownFileType = sourcecode.swift; name = TableItem.swift; path = Helpers/TableItem.swift; sourceTree = "<group>"; };
		EBC252FE1DC0C51D00214F14 /* AlgoritmA.app */ = {isa = PBXFileReference; explicitFileType = wrapper.application; includeInIndex = 0; path = AlgoritmA.app; sourceTree = BUILT_PRODUCTS_DIR; };
		EBC253011DC0C51D00214F14 /* AppDelegate.swift */ = {isa = PBXFileReference; lastKnownFileType = sourcecode.swift; path = AppDelegate.swift; sourceTree = "<group>"; };
		EBC253031DC0C51D00214F14 /* ViewController.swift */ = {isa = PBXFileReference; lastKnownFileType = sourcecode.swift; path = ViewController.swift; sourceTree = "<group>"; };
		EBC253081DC0C51D00214F14 /* Assets.xcassets */ = {isa = PBXFileReference; lastKnownFileType = folder.assetcatalog; path = Assets.xcassets; sourceTree = "<group>"; };
		EBC2530B1DC0C51D00214F14 /* Base */ = {isa = PBXFileReference; lastKnownFileType = file.storyboard; name = Base; path = Base.lproj/LaunchScreen.storyboard; sourceTree = "<group>"; };
		EBC2530D1DC0C51D00214F14 /* Info.plist */ = {isa = PBXFileReference; lastKnownFileType = text.plist.xml; path = Info.plist; sourceTree = "<group>"; };
		EBC253181DC0C63000214F14 /* MainViewController.swift */ = {isa = PBXFileReference; fileEncoding = 4; lastKnownFileType = sourcecode.swift; name = MainViewController.swift; path = ViewControllers/Main/MainViewController.swift; sourceTree = "<group>"; };
		EBC253191DC0C63000214F14 /* MainViewController.xib */ = {isa = PBXFileReference; fileEncoding = 4; lastKnownFileType = file.xib; name = MainViewController.xib; path = ViewControllers/Main/MainViewController.xib; sourceTree = "<group>"; };
		EBC2531C1DC0C9EB00214F14 /* TableCollectionViewCell.swift */ = {isa = PBXFileReference; fileEncoding = 4; lastKnownFileType = sourcecode.swift; name = TableCollectionViewCell.swift; path = Views/Cell/TableCollectionViewCell.swift; sourceTree = "<group>"; };
		EBC253201DC0CD7600214F14 /* CustomUICollectionViewFlowLayout.swift */ = {isa = PBXFileReference; fileEncoding = 4; lastKnownFileType = sourcecode.swift; path = CustomUICollectionViewFlowLayout.swift; sourceTree = "<group>"; };
		EBC253261DC0DEC000214F14 /* TableCollectionViewCell.xib */ = {isa = PBXFileReference; fileEncoding = 4; lastKnownFileType = file.xib; name = TableCollectionViewCell.xib; path = Views/Cell/TableCollectionViewCell.xib; sourceTree = "<group>"; };
/* End PBXFileReference section */

/* Begin PBXFrameworksBuildPhase section */
		EBC252FB1DC0C51D00214F14 /* Frameworks */ = {
			isa = PBXFrameworksBuildPhase;
			buildActionMask = 2147483647;
			files = (
				0275DA1126B496B6739C35D7 /* Pods_AlgoritmA.framework in Frameworks */,
			);
			runOnlyForDeploymentPostprocessing = 0;
		};
/* End PBXFrameworksBuildPhase section */

/* Begin PBXGroup section */
		2C5683244878CECC93A4AAAA /* Pods */ = {
			isa = PBXGroup;
			children = (
				19D41B0D1EA195D376BB65DD /* Pods-AlgoritmA.debug.xcconfig */,
				BA506AC7F1427C2B2A577AD7 /* Pods-AlgoritmA.release.xcconfig */,
			);
			name = Pods;
			sourceTree = "<group>";
		};
		BE2AE456A996EA355D122F75 /* Frameworks */ = {
			isa = PBXGroup;
			children = (
				31C10CB611A2678965EE9173 /* Pods_AlgoritmA.framework */,
			);
			name = Frameworks;
			sourceTree = "<group>";
		};
		EBC252F51DC0C51D00214F14 = {
			isa = PBXGroup;
			children = (
				EBC253001DC0C51D00214F14 /* AlgoritmA */,
				EBC252FF1DC0C51D00214F14 /* Products */,
				2C5683244878CECC93A4AAAA /* Pods */,
				BE2AE456A996EA355D122F75 /* Frameworks */,
			);
			sourceTree = "<group>";
		};
		EBC252FF1DC0C51D00214F14 /* Products */ = {
			isa = PBXGroup;
			children = (
				EBC252FE1DC0C51D00214F14 /* AlgoritmA.app */,
			);
			name = Products;
			sourceTree = "<group>";
		};
		EBC253001DC0C51D00214F14 /* AlgoritmA */ = {
			isa = PBXGroup;
			children = (
				EBC253131DC0C59300214F14 /* ViewControllers */,
				EBC253151DC0C5AA00214F14 /* Views */,
				EBC253161DC0C5B000214F14 /* Helpers */,
				EBC253011DC0C51D00214F14 /* AppDelegate.swift */,
				EBC253031DC0C51D00214F14 /* ViewController.swift */,
				EBC253081DC0C51D00214F14 /* Assets.xcassets */,
				EBC2530A1DC0C51D00214F14 /* LaunchScreen.storyboard */,
				EBC2530D1DC0C51D00214F14 /* Info.plist */,
			);
			path = AlgoritmA;
			sourceTree = "<group>";
		};
		EBC253131DC0C59300214F14 /* ViewControllers */ = {
			isa = PBXGroup;
			children = (
				EBC253141DC0C5A200214F14 /* Main */,
			);
			name = ViewControllers;
			sourceTree = "<group>";
		};
		EBC253141DC0C5A200214F14 /* Main */ = {
			isa = PBXGroup;
			children = (
				EBC253181DC0C63000214F14 /* MainViewController.swift */,
				EBC253191DC0C63000214F14 /* MainViewController.xib */,
			);
			name = Main;
			sourceTree = "<group>";
		};
		EBC253151DC0C5AA00214F14 /* Views */ = {
			isa = PBXGroup;
			children = (
				EBC253171DC0C5C500214F14 /* Cell */,
			);
			name = Views;
			sourceTree = "<group>";
		};
		EBC253161DC0C5B000214F14 /* Helpers */ = {
			isa = PBXGroup;
			children = (
				EBC253201DC0CD7600214F14 /* CustomUICollectionViewFlowLayout.swift */,
				EB6968F61DC4910A00E27877 /* TableStore.swift */,
				EB6968F81DC491FC00E27877 /* TableItem.swift */,
			);
			name = Helpers;
			sourceTree = "<group>";
		};
		EBC253171DC0C5C500214F14 /* Cell */ = {
			isa = PBXGroup;
			children = (
				EBC2531C1DC0C9EB00214F14 /* TableCollectionViewCell.swift */,
				EBC253261DC0DEC000214F14 /* TableCollectionViewCell.xib */,
			);
			name = Cell;
			sourceTree = "<group>";
		};
/* End PBXGroup section */

/* Begin PBXNativeTarget section */
		EBC252FD1DC0C51D00214F14 /* AlgoritmA */ = {
			isa = PBXNativeTarget;
			buildConfigurationList = EBC253101DC0C51D00214F14 /* Build configuration list for PBXNativeTarget "AlgoritmA" */;
			buildPhases = (
				72FA913673D2FDE2783F901B /* [CP] Check Pods Manifest.lock */,
				EBC252FA1DC0C51D00214F14 /* Sources */,
				EBC252FB1DC0C51D00214F14 /* Frameworks */,
				EBC252FC1DC0C51D00214F14 /* Resources */,
				D1D775E1DDBA8D25FDA016D9 /* [CP] Embed Pods Frameworks */,
				603688032735B8F30CAC6AC2 /* [CP] Copy Pods Resources */,
			);
			buildRules = (
			);
			dependencies = (
			);
			name = AlgoritmA;
			productName = AlgoritmA;
			productReference = EBC252FE1DC0C51D00214F14 /* AlgoritmA.app */;
			productType = "com.apple.product-type.application";
		};
/* End PBXNativeTarget section */

/* Begin PBXProject section */
		EBC252F61DC0C51D00214F14 /* Project object */ = {
			isa = PBXProject;
			attributes = {
				LastSwiftUpdateCheck = 0800;
				LastUpgradeCheck = 0810;
				ORGANIZATIONNAME = niksemv;
				TargetAttributes = {
					EBC252FD1DC0C51D00214F14 = {
						CreatedOnToolsVersion = 8.0;
						DevelopmentTeam = XMWCW9ZJ6W;
						ProvisioningStyle = Automatic;
					};
				};
			};
			buildConfigurationList = EBC252F91DC0C51D00214F14 /* Build configuration list for PBXProject "AlgoritmA" */;
			compatibilityVersion = "Xcode 3.2";
			developmentRegion = English;
			hasScannedForEncodings = 0;
			knownRegions = (
				en,
				Base,
			);
			mainGroup = EBC252F51DC0C51D00214F14;
			productRefGroup = EBC252FF1DC0C51D00214F14 /* Products */;
			projectDirPath = "";
			projectRoot = "";
			targets = (
				EBC252FD1DC0C51D00214F14 /* AlgoritmA */,
			);
		};
/* End PBXProject section */

/* Begin PBXResourcesBuildPhase section */
		EBC252FC1DC0C51D00214F14 /* Resources */ = {
			isa = PBXResourcesBuildPhase;
			buildActionMask = 2147483647;
			files = (
				EBC2530C1DC0C51D00214F14 /* LaunchScreen.storyboard in Resources */,
				EBC2531B1DC0C63000214F14 /* MainViewController.xib in Resources */,
				EBC253091DC0C51D00214F14 /* Assets.xcassets in Resources */,
				EBC253271DC0DEC000214F14 /* TableCollectionViewCell.xib in Resources */,
			);
			runOnlyForDeploymentPostprocessing = 0;
		};
/* End PBXResourcesBuildPhase section */

/* Begin PBXShellScriptBuildPhase section */
		603688032735B8F30CAC6AC2 /* [CP] Copy Pods Resources */ = {
			isa = PBXShellScriptBuildPhase;
			buildActionMask = 2147483647;
			files = (
			);
			inputPaths = (
			);
			name = "[CP] Copy Pods Resources";
			outputPaths = (
			);
			runOnlyForDeploymentPostprocessing = 0;
			shellPath = /bin/sh;
			shellScript = "\"${SRCROOT}/Pods/Target Support Files/Pods-AlgoritmA/Pods-AlgoritmA-resources.sh\"\n";
			showEnvVarsInLog = 0;
		};
		72FA913673D2FDE2783F901B /* [CP] Check Pods Manifest.lock */ = {
			isa = PBXShellScriptBuildPhase;
			buildActionMask = 2147483647;
			files = (
			);
			inputPaths = (
			);
			name = "[CP] Check Pods Manifest.lock";
			outputPaths = (
			);
			runOnlyForDeploymentPostprocessing = 0;
			shellPath = /bin/sh;
			shellScript = "diff \"${PODS_ROOT}/../Podfile.lock\" \"${PODS_ROOT}/Manifest.lock\" > /dev/null\nif [ $? != 0 ] ; then\n    # print error to STDERR\n    echo \"error: The sandbox is not in sync with the Podfile.lock. Run 'pod install' or update your CocoaPods installation.\" >&2\n    exit 1\nfi\n";
			showEnvVarsInLog = 0;
		};
		D1D775E1DDBA8D25FDA016D9 /* [CP] Embed Pods Frameworks */ = {
			isa = PBXShellScriptBuildPhase;
			buildActionMask = 2147483647;
			files = (
			);
			inputPaths = (
			);
			name = "[CP] Embed Pods Frameworks";
			outputPaths = (
			);
			runOnlyForDeploymentPostprocessing = 0;
			shellPath = /bin/sh;
			shellScript = "\"${SRCROOT}/Pods/Target Support Files/Pods-AlgoritmA/Pods-AlgoritmA-frameworks.sh\"\n";
			showEnvVarsInLog = 0;
		};
/* End PBXShellScriptBuildPhase section */

/* Begin PBXSourcesBuildPhase section */
		EBC252FA1DC0C51D00214F14 /* Sources */ = {
			isa = PBXSourcesBuildPhase;
			buildActionMask = 2147483647;
			files = (
				EB6968F71DC4910A00E27877 /* TableStore.swift in Sources */,
				EBC253211DC0CD7600214F14 /* CustomUICollectionViewFlowLayout.swift in Sources */,
				EBC2531A1DC0C63000214F14 /* MainViewController.swift in Sources */,
				EB6968F91DC491FC00E27877 /* TableItem.swift in Sources */,
				EBC253041DC0C51D00214F14 /* ViewController.swift in Sources */,
				EBC253021DC0C51D00214F14 /* AppDelegate.swift in Sources */,
				EBC2531E1DC0C9EB00214F14 /* TableCollectionViewCell.swift in Sources */,
			);
			runOnlyForDeploymentPostprocessing = 0;
		};
/* End PBXSourcesBuildPhase section */

/* Begin PBXVariantGroup section */
		EBC2530A1DC0C51D00214F14 /* LaunchScreen.storyboard */ = {
			isa = PBXVariantGroup;
			children = (
				EBC2530B1DC0C51D00214F14 /* Base */,
			);
			name = LaunchScreen.storyboard;
			sourceTree = "<group>";
		};
/* End PBXVariantGroup section */

/* Begin XCBuildConfiguration section */
		EBC2530E1DC0C51D00214F14 /* Debug */ = {
			isa = XCBuildConfiguration;
			buildSettings = {
				ALWAYS_SEARCH_USER_PATHS = NO;
				CLANG_ANALYZER_NONNULL = YES;
				CLANG_CXX_LANGUAGE_STANDARD = "gnu++0x";
				CLANG_CXX_LIBRARY = "libc++";
				CLANG_ENABLE_MODULES = YES;
				CLANG_ENABLE_OBJC_ARC = YES;
				CLANG_WARN_BOOL_CONVERSION = YES;
				CLANG_WARN_CONSTANT_CONVERSION = YES;
				CLANG_WARN_DIRECT_OBJC_ISA_USAGE = YES_ERROR;
				CLANG_WARN_DOCUMENTATION_COMMENTS = YES;
				CLANG_WARN_EMPTY_BODY = YES;
				CLANG_WARN_ENUM_CONVERSION = YES;
				CLANG_WARN_INFINITE_RECURSION = YES;
				CLANG_WARN_INT_CONVERSION = YES;
				CLANG_WARN_OBJC_ROOT_CLASS = YES_ERROR;
				CLANG_WARN_SUSPICIOUS_MOVE = YES;
				CLANG_WARN_SUSPICIOUS_MOVES = YES;
				CLANG_WARN_UNREACHABLE_CODE = YES;
				CLANG_WARN__DUPLICATE_METHOD_MATCH = YES;
				"CODE_SIGN_IDENTITY[sdk=iphoneos*]" = "iPhone Developer";
				COPY_PHASE_STRIP = NO;
				DEBUG_INFORMATION_FORMAT = dwarf;
				ENABLE_STRICT_OBJC_MSGSEND = YES;
				ENABLE_TESTABILITY = YES;
				GCC_C_LANGUAGE_STANDARD = gnu99;
				GCC_DYNAMIC_NO_PIC = NO;
				GCC_NO_COMMON_BLOCKS = YES;
				GCC_OPTIMIZATION_LEVEL = 0;
				GCC_PREPROCESSOR_DEFINITIONS = (
					"DEBUG=1",
					"$(inherited)",
				);
				GCC_WARN_64_TO_32_BIT_CONVERSION = YES;
				GCC_WARN_ABOUT_RETURN_TYPE = YES_ERROR;
				GCC_WARN_UNDECLARED_SELECTOR = YES;
				GCC_WARN_UNINITIALIZED_AUTOS = YES_AGGRESSIVE;
				GCC_WARN_UNUSED_FUNCTION = YES;
				GCC_WARN_UNUSED_VARIABLE = YES;
				IPHONEOS_DEPLOYMENT_TARGET = 10.0;
				MTL_ENABLE_DEBUG_INFO = YES;
				ONLY_ACTIVE_ARCH = YES;
				SDKROOT = iphoneos;
				SWIFT_ACTIVE_COMPILATION_CONDITIONS = DEBUG;
				SWIFT_OPTIMIZATION_LEVEL = "-Onone";
				TARGETED_DEVICE_FAMILY = "1,2";
			};
			name = Debug;
		};
		EBC2530F1DC0C51D00214F14 /* Release */ = {
			isa = XCBuildConfiguration;
			buildSettings = {
				ALWAYS_SEARCH_USER_PATHS = NO;
				CLANG_ANALYZER_NONNULL = YES;
				CLANG_CXX_LANGUAGE_STANDARD = "gnu++0x";
				CLANG_CXX_LIBRARY = "libc++";
				CLANG_ENABLE_MODULES = YES;
				CLANG_ENABLE_OBJC_ARC = YES;
				CLANG_WARN_BOOL_CONVERSION = YES;
				CLANG_WARN_CONSTANT_CONVERSION = YES;
				CLANG_WARN_DIRECT_OBJC_ISA_USAGE = YES_ERROR;
				CLANG_WARN_DOCUMENTATION_COMMENTS = YES;
				CLANG_WARN_EMPTY_BODY = YES;
				CLANG_WARN_ENUM_CONVERSION = YES;
				CLANG_WARN_INFINITE_RECURSION = YES;
				CLANG_WARN_INT_CONVERSION = YES;
				CLANG_WARN_OBJC_ROOT_CLASS = YES_ERROR;
				CLANG_WARN_SUSPICIOUS_MOVE = YES;
				CLANG_WARN_SUSPICIOUS_MOVES = YES;
				CLANG_WARN_UNREACHABLE_CODE = YES;
				CLANG_WARN__DUPLICATE_METHOD_MATCH = YES;
				"CODE_SIGN_IDENTITY[sdk=iphoneos*]" = "iPhone Developer";
				COPY_PHASE_STRIP = NO;
				DEBUG_INFORMATION_FORMAT = "dwarf-with-dsym";
				ENABLE_NS_ASSERTIONS = NO;
				ENABLE_STRICT_OBJC_MSGSEND = YES;
				GCC_C_LANGUAGE_STANDARD = gnu99;
				GCC_NO_COMMON_BLOCKS = YES;
				GCC_WARN_64_TO_32_BIT_CONVERSION = YES;
				GCC_WARN_ABOUT_RETURN_TYPE = YES_ERROR;
				GCC_WARN_UNDECLARED_SELECTOR = YES;
				GCC_WARN_UNINITIALIZED_AUTOS = YES_AGGRESSIVE;
				GCC_WARN_UNUSED_FUNCTION = YES;
				GCC_WARN_UNUSED_VARIABLE = YES;
				IPHONEOS_DEPLOYMENT_TARGET = 10.0;
				MTL_ENABLE_DEBUG_INFO = NO;
				SDKROOT = iphoneos;
				SWIFT_OPTIMIZATION_LEVEL = "-Owholemodule";
				TARGETED_DEVICE_FAMILY = "1,2";
				VALIDATE_PRODUCT = YES;
			};
			name = Release;
		};
		EBC253111DC0C51D00214F14 /* Debug */ = {
			isa = XCBuildConfiguration;
			baseConfigurationReference = 19D41B0D1EA195D376BB65DD /* Pods-AlgoritmA.debug.xcconfig */;
			buildSettings = {
				ALWAYS_EMBED_SWIFT_STANDARD_LIBRARIES = YES;
				ASSETCATALOG_COMPILER_APPICON_NAME = AppIcon;
				DEVELOPMENT_TEAM = XMWCW9ZJ6W;
				INFOPLIST_FILE = AlgoritmA/Info.plist;
				LD_RUNPATH_SEARCH_PATHS = "$(inherited) @executable_path/Frameworks";
				PRODUCT_BUNDLE_IDENTIFIER = com.my.niksemvcorp.AlgoritmA;
				PRODUCT_NAME = "$(TARGET_NAME)";
				SWIFT_VERSION = 3.0;
			};
			name = Debug;
		};
		EBC253121DC0C51D00214F14 /* Release */ = {
			isa = XCBuildConfiguration;
			baseConfigurationReference = BA506AC7F1427C2B2A577AD7 /* Pods-AlgoritmA.release.xcconfig */;
			buildSettings = {
				ALWAYS_EMBED_SWIFT_STANDARD_LIBRARIES = YES;
				ASSETCATALOG_COMPILER_APPICON_NAME = AppIcon;
				DEVELOPMENT_TEAM = XMWCW9ZJ6W;
				INFOPLIST_FILE = AlgoritmA/Info.plist;
				LD_RUNPATH_SEARCH_PATHS = "$(inherited) @executable_path/Frameworks";
				PRODUCT_BUNDLE_IDENTIFIER = com.my.niksemvcorp.AlgoritmA;
				PRODUCT_NAME = "$(TARGET_NAME)";
				SWIFT_VERSION = 3.0;
			};
			name = Release;
		};
/* End XCBuildConfiguration section */

/* Begin XCConfigurationList section */
		EBC252F91DC0C51D00214F14 /* Build configuration list for PBXProject "AlgoritmA" */ = {
			isa = XCConfigurationList;
			buildConfigurations = (
				EBC2530E1DC0C51D00214F14 /* Debug */,
				EBC2530F1DC0C51D00214F14 /* Release */,
			);
			defaultConfigurationIsVisible = 0;
			defaultConfigurationName = Release;
		};
		EBC253101DC0C51D00214F14 /* Build configuration list for PBXNativeTarget "AlgoritmA" */ = {
			isa = XCConfigurationList;
			buildConfigurations = (
				EBC253111DC0C51D00214F14 /* Debug */,
				EBC253121DC0C51D00214F14 /* Release */,
			);
			defaultConfigurationIsVisible = 0;
			defaultConfigurationName = Release;
		};
/* End XCConfigurationList section */
	};
	rootObject = EBC252F61DC0C51D00214F14 /* Project object */;
}
