// !$*UTF8*$!
{
	archiveVersion = 1;
	classes = {
	};
	objectVersion = 46;
	objects = {

/* Begin PBXBuildFile section */
		EBC253021DC0C51D00214F14 /* AppDelegate.swift in Sources */ = {isa = PBXBuildFile; fileRef = EBC253011DC0C51D00214F14 /* AppDelegate.swift */; };
		EBC253041DC0C51D00214F14 /* ViewController.swift in Sources */ = {isa = PBXBuildFile; fileRef = EBC253031DC0C51D00214F14 /* ViewController.swift */; };
		EBC253071DC0C51D00214F14 /* Main.storyboard in Resources */ = {isa = PBXBuildFile; fileRef = EBC253051DC0C51D00214F14 /* Main.storyboard */; };
		EBC253091DC0C51D00214F14 /* Assets.xcassets in Resources */ = {isa = PBXBuildFile; fileRef = EBC253081DC0C51D00214F14 /* Assets.xcassets */; };
		EBC2530C1DC0C51D00214F14 /* LaunchScreen.storyboard in Resources */ = {isa = PBXBuildFile; fileRef = EBC2530A1DC0C51D00214F14 /* LaunchScreen.storyboard */; };
/* End PBXBuildFile section */

/* Begin PBXFileReference section */
		EBC252FE1DC0C51D00214F14 /* AlgoritmA.app */ = {isa = PBXFileReference; explicitFileType = wrapper.application; includeInIndex = 0; path = AlgoritmA.app; sourceTree = BUILT_PRODUCTS_DIR; };
		EBC253011DC0C51D00214F14 /* AppDelegate.swift */ = {isa = PBXFileReference; lastKnownFileType = sourcecode.swift; path = AppDelegate.swift; sourceTree = "<group>"; };
		EBC253031DC0C51D00214F14 /* ViewController.swift */ = {isa = PBXFileReference; lastKnownFileType = sourcecode.swift; path = ViewController.swift; sourceTree = "<group>"; };
		EBC253061DC0C51D00214F14 /* Base */ = {isa = PBXFileReference; lastKnownFileType = file.storyboard; name = Base; path = Base.lproj/Main.storyboard; sourceTree = "<group>"; };
		EBC253081DC0C51D00214F14 /* Assets.xcassets */ = {isa = PBXFileReference; lastKnownFileType = folder.assetcatalog; path = Assets.xcassets; sourceTree = "<group>"; };
		EBC2530B1DC0C51D00214F14 /* Base */ = {isa = PBXFileReference; lastKnownFileType = file.storyboard; name = Base; path = Base.lproj/LaunchScreen.storyboard; sourceTree = "<group>"; };
		EBC2530D1DC0C51D00214F14 /* Info.plist */ = {isa = PBXFileReference; lastKnownFileType = text.plist.xml; path = Info.plist; sourceTree = "<group>"; };
/* End PBXFileReference section */

/* Begin PBXFrameworksBuildPhase section */
		EBC252FB1DC0C51D00214F14 /* Frameworks */ = {
			isa = PBXFrameworksBuildPhase;
			buildActionMask = 2147483647;
			files = (
			);
			runOnlyForDeploymentPostprocessing = 0;
		};
/* End PBXFrameworksBuildPhase section */

/* Begin PBXGroup section */
		EBC252F51DC0C51D00214F14 = {
			isa = PBXGroup;
			children = (
				EBC253001DC0C51D00214F14 /* AlgoritmA */,
				EBC252FF1DC0C51D00214F14 /* Products */,
			);
			sourceTree = "<group>";
		};
		EBC252FF1DC0C51D00214F14 /* Products */ = {
			isa = PBXGroup;
			children = (
				EBC252FE1DC0C51D00214F14 /* AlgoritmA.app */,
			);
			name = Products;
			sourceTree = "<group>";
		};
		EBC253001DC0C51D00214F14 /* AlgoritmA */ = {
			isa = PBXGroup;
			children = (
				EBC253011DC0C51D00214F14 /* AppDelegate.swift */,
				EBC253031DC0C51D00214F14 /* ViewController.swift */,
				EBC253051DC0C51D00214F14 /* Main.storyboard */,
				EBC253081DC0C51D00214F14 /* Assets.xcassets */,
				EBC2530A1DC0C51D00214F14 /* LaunchScreen.storyboard */,
				EBC2530D1DC0C51D00214F14 /* Info.plist */,
			);
			path = AlgoritmA;
			sourceTree = "<group>";
		};
/* End PBXGroup section */

/* Begin PBXNativeTarget section */
		EBC252FD1DC0C51D00214F14 /* AlgoritmA */ = {
			isa = PBXNativeTarget;
			buildConfigurationList = EBC253101DC0C51D00214F14 /* Build configuration list for PBXNativeTarget "AlgoritmA" */;
			buildPhases = (
				EBC252FA1DC0C51D00214F14 /* Sources */,
				EBC252FB1DC0C51D00214F14 /* Frameworks */,
				EBC252FC1DC0C51D00214F14 /* Resources */,
			);
			buildRules = (
			);
			dependencies = (
			);
			name = AlgoritmA;
			productName = AlgoritmA;
			productReference = EBC252FE1DC0C51D00214F14 /* AlgoritmA.app */;
			productType = "com.apple.product-type.application";
		};
/* End PBXNativeTarget section */

/* Begin PBXProject section */
		EBC252F61DC0C51D00214F14 /* Project object */ = {
			isa = PBXProject;
			attributes = {
				LastSwiftUpdateCheck = 0800;
				LastUpgradeCheck = 0800;
				ORGANIZATIONNAME = niksemv;
				TargetAttributes = {
					EBC252FD1DC0C51D00214F14 = {
						CreatedOnToolsVersion = 8.0;
						ProvisioningStyle = Automatic;
					};
				};
			};
			buildConfigurationList = EBC252F91DC0C51D00214F14 /* Build configuration list for PBXProject "AlgoritmA" */;
			compatibilityVersion = "Xcode 3.2";
			developmentRegion = English;
			hasScannedForEncodings = 0;
			knownRegions = (
				en,
				Base,
			);
			mainGroup = EBC252F51DC0C51D00214F14;
			productRefGroup = EBC252FF1DC0C51D00214F14 /* Products */;
			projectDirPath = "";
			projectRoot = "";
			targets = (
				EBC252FD1DC0C51D00214F14 /* AlgoritmA */,
			);
		};
/* End PBXProject section */

/* Begin PBXResourcesBuildPhase section */
		EBC252FC1DC0C51D00214F14 /* Resources */ = {
			isa = PBXResourcesBuildPhase;
			buildActionMask = 2147483647;
			files = (
				EBC2530C1DC0C51D00214F14 /* LaunchScreen.storyboard in Resources */,
				EBC253091DC0C51D00214F14 /* Assets.xcassets in Resources */,
				EBC253071DC0C51D00214F14 /* Main.storyboard in Resources */,
			);
			runOnlyForDeploymentPostprocessing = 0;
		};
/* End PBXResourcesBuildPhase section */

/* Begin PBXSourcesBuildPhase section */
		EBC252FA1DC0C51D00214F14 /* Sources */ = {
			isa = PBXSourcesBuildPhase;
			buildActionMask = 2147483647;
			files = (
				EBC253041DC0C51D00214F14 /* ViewController.swift in Sources */,
				EBC253021DC0C51D00214F14 /* AppDelegate.swift in Sources */,
			);
			runOnlyForDeploymentPostprocessing = 0;
		};
/* End PBXSourcesBuildPhase section */

/* Begin PBXVariantGroup section */
		EBC253051DC0C51D00214F14 /* Main.storyboard */ = {
			isa = PBXVariantGroup;
			children = (
				EBC253061DC0C51D00214F14 /* Base */,
			);
			name = Main.storyboard;
			sourceTree = "<group>";
		};
		EBC2530A1DC0C51D00214F14 /* LaunchScreen.storyboard */ = {
			isa = PBXVariantGroup;
			children = (
				EBC2530B1DC0C51D00214F14 /* Base */,
			);
			name = LaunchScreen.storyboard;
			sourceTree = "<group>";
		};
/* End PBXVariantGroup section */

/* Begin XCBuildConfiguration section */
		EBC2530E1DC0C51D00214F14 /* Debug */ = {
			isa = XCBuildConfiguration;
			buildSettings = {
				ALWAYS_SEARCH_USER_PATHS = NO;
				CLANG_ANALYZER_NONNULL = YES;
				CLANG_CXX_LANGUAGE_STANDARD = "gnu++0x";
				CLANG_CXX_LIBRARY = "libc++";
				CLANG_ENABLE_MODULES = YES;
				CLANG_ENABLE_OBJC_ARC = YES;
				CLANG_WARN_BOOL_CONVERSION = YES;
				CLANG_WARN_CONSTANT_CONVERSION = YES;
				CLANG_WARN_DIRECT_OBJC_ISA_USAGE = YES_ERROR;
				CLANG_WARN_DOCUMENTATION_COMMENTS = YES;
				CLANG_WARN_EMPTY_BODY = YES;
				CLANG_WARN_ENUM_CONVERSION = YES;
				CLANG_WARN_INFINITE_RECURSION = YES;
				CLANG_WARN_INT_CONVERSION = YES;
				CLANG_WARN_OBJC_ROOT_CLASS = YES_ERROR;
				CLANG_WARN_SUSPICIOUS_MOVES = YES;
				CLANG_WARN_UNREACHABLE_CODE = YES;
				CLANG_WARN__DUPLICATE_METHOD_MATCH = YES;
				"CODE_SIGN_IDENTITY[sdk=iphoneos*]" = "iPhone Developer";
				COPY_PHASE_STRIP = NO;
				DEBUG_INFORMATION_FORMAT = dwarf;
				ENABLE_STRICT_OBJC_MSGSEND = YES;
				ENABLE_TESTABILITY = YES;
				GCC_C_LANGUAGE_STANDARD = gnu99;
				GCC_DYNAMIC_NO_PIC = NO;
				GCC_NO_COMMON_BLOCKS = YES;
				GCC_OPTIMIZATION_LEVEL = 0;
				GCC_PREPROCESSOR_DEFINITIONS = (
					"DEBUG=1",
					"$(inherited)",
				);
				GCC_WARN_64_TO_32_BIT_CONVERSION = YES;
				GCC_WARN_ABOUT_RETURN_TYPE = YES_ERROR;
				GCC_WARN_UNDECLARED_SELECTOR = YES;
				GCC_WARN_UNINITIALIZED_AUTOS = YES_AGGRESSIVE;
				GCC_WARN_UNUSED_FUNCTION = YES;
				GCC_WARN_UNUSED_VARIABLE = YES;
				IPHONEOS_DEPLOYMENT_TARGET = 10.0;
				MTL_ENABLE_DEBUG_INFO = YES;
				ONLY_ACTIVE_ARCH = YES;
				SDKROOT = iphoneos;
				SWIFT_ACTIVE_COMPILATION_CONDITIONS = DEBUG;
				SWIFT_OPTIMIZATION_LEVEL = "-Onone";
				TARGETED_DEVICE_FAMILY = "1,2";
			};
			name = Debug;
		};
		EBC2530F1DC0C51D00214F14 /* Release */ = {
			isa = XCBuildConfiguration;
			buildSettings = {
				ALWAYS_SEARCH_USER_PATHS = NO;
				CLANG_ANALYZER_NONNULL = YES;
				CLANG_CXX_LANGUAGE_STANDARD = "gnu++0x";
				CLANG_CXX_LIBRARY = "libc++";
				CLANG_ENABLE_MODULES = YES;
				CLANG_ENABLE_OBJC_ARC = YES;
				CLANG_WARN_BOOL_CONVERSION = YES;
				CLANG_WARN_CONSTANT_CONVERSION = YES;
				CLANG_WARN_DIRECT_OBJC_ISA_USAGE = YES_ERROR;
				CLANG_WARN_DOCUMENTATION_COMMENTS = YES;
				CLANG_WARN_EMPTY_BODY = YES;
				CLANG_WARN_ENUM_CONVERSION = YES;
				CLANG_WARN_INFINITE_RECURSION = YES;
				CLANG_WARN_INT_CONVERSION = YES;
				CLANG_WARN_OBJC_ROOT_CLASS = YES_ERROR;
				CLANG_WARN_SUSPICIOUS_MOVES = YES;
				CLANG_WARN_UNREACHABLE_CODE = YES;
				CLANG_WARN__DUPLICATE_METHOD_MATCH = YES;
				"CODE_SIGN_IDENTITY[sdk=iphoneos*]" = "iPhone Developer";
				COPY_PHASE_STRIP = NO;
				DEBUG_INFORMATION_FORMAT = "dwarf-with-dsym";
				ENABLE_NS_ASSERTIONS = NO;
				ENABLE_STRICT_OBJC_MSGSEND = YES;
				GCC_C_LANGUAGE_STANDARD = gnu99;
				GCC_NO_COMMON_BLOCKS = YES;
				GCC_WARN_64_TO_32_BIT_CONVERSION = YES;
				GCC_WARN_ABOUT_RETURN_TYPE = YES_ERROR;
				GCC_WARN_UNDECLARED_SELECTOR = YES;
				GCC_WARN_UNINITIALIZED_AUTOS = YES_AGGRESSIVE;
				GCC_WARN_UNUSED_FUNCTION = YES;
				GCC_WARN_UNUSED_VARIABLE = YES;
				IPHONEOS_DEPLOYMENT_TARGET = 10.0;
				MTL_ENABLE_DEBUG_INFO = NO;
				SDKROOT = iphoneos;
				SWIFT_OPTIMIZATION_LEVEL = "-Owholemodule";
				TARGETED_DEVICE_FAMILY = "1,2";
				VALIDATE_PRODUCT = YES;
			};
			name = Release;
		};
		EBC253111DC0C51D00214F14 /* Debug */ = {
			isa = XCBuildConfiguration;
			buildSettings = {
				ASSETCATALOG_COMPILER_APPICON_NAME = AppIcon;
				INFOPLIST_FILE = AlgoritmA/Info.plist;
				LD_RUNPATH_SEARCH_PATHS = "$(inherited) @executable_path/Frameworks";
				PRODUCT_BUNDLE_IDENTIFIER = com.my.niksemvcorp.AlgoritmA;
				PRODUCT_NAME = "$(TARGET_NAME)";
				SWIFT_VERSION = 3.0;
			};
			name = Debug;
		};
		EBC253121DC0C51D00214F14 /* Release */ = {
			isa = XCBuildConfiguration;
			buildSettings = {
				ASSETCATALOG_COMPILER_APPICON_NAME = AppIcon;
				INFOPLIST_FILE = AlgoritmA/Info.plist;
				LD_RUNPATH_SEARCH_PATHS = "$(inherited) @executable_path/Frameworks";
				PRODUCT_BUNDLE_IDENTIFIER = com.my.niksemvcorp.AlgoritmA;
				PRODUCT_NAME = "$(TARGET_NAME)";
				SWIFT_VERSION = 3.0;
			};
			name = Release;
		};
/* End XCBuildConfiguration section */

/* Begin XCConfigurationList section */
		EBC252F91DC0C51D00214F14 /* Build configuration list for PBXProject "AlgoritmA" */ = {
			isa = XCConfigurationList;
			buildConfigurations = (
				EBC2530E1DC0C51D00214F14 /* Debug */,
				EBC2530F1DC0C51D00214F14 /* Release */,
			);
			defaultConfigurationIsVisible = 0;
			defaultConfigurationName = Release;
		};
		EBC253101DC0C51D00214F14 /* Build configuration list for PBXNativeTarget "AlgoritmA" */ = {
			isa = XCConfigurationList;
			buildConfigurations = (
				EBC253111DC0C51D00214F14 /* Debug */,
				EBC253121DC0C51D00214F14 /* Release */,
			);
			defaultConfigurationIsVisible = 0;
		};
/* End XCConfigurationList section */
	};
	rootObject = EBC252F61DC0C51D00214F14 /* Project object */;
}
